
Microsoft Visual Studio Solution File, Format Version 12.00
# Visual Studio Version 17
VisualStudioVersion = 17.8.34525.116
MinimumVisualStudioVersion = 10.0.40219.1
Project("{FAE04EC0-301F-11D3-BF4B-00C04F79EFBC}") = "Lab1", "Lab1.csproj", "{7A1A862C-00D4-4FE4-9B10-7BDC64AF72FE}"
EndProject
Global
	GlobalSection(SolutionConfigurationPlatforms) = preSolution
		Debug|Any CPU = Debug|Any CPU
		Release|Any CPU = Release|Any CPU
	EndGlobalSection
	GlobalSection(ProjectConfigurationPlatforms) = postSolution
		{7A1A862C-00D4-4FE4-9B10-7BDC64AF72FE}.Debug|Any CPU.ActiveCfg = Debug|Any CPU
		{7A1A862C-00D4-4FE4-9B10-7BDC64AF72FE}.Debug|Any CPU.Build.0 = Debug|Any CPU
		{7A1A862C-00D4-4FE4-9B10-7BDC64AF72FE}.Release|Any CPU.ActiveCfg = Release|Any CPU
		{7A1A862C-00D4-4FE4-9B10-7BDC64AF72FE}.Release|Any CPU.Build.0 = Release|Any CPU
	EndGlobalSection
	GlobalSection(SolutionProperties) = preSolution
		HideSolutionNode = FALSE
	EndGlobalSection
	GlobalSection(ExtensibilityGlobals) = postSolution
		SolutionGuid = {4452CAF7-88B4-433F-8B48-1806BD2F9C2B}
	EndGlobalSection
EndGlobal
